
Microsoft Visual Studio Solution File, Format Version 12.00
# Visual Studio 15
VisualStudioVersion = 15.0.28010.2050
MinimumVisualStudioVersion = 10.0.40219.1
Project("{FAE04EC0-301F-11D3-BF4B-00C04F79EFBC}") = "ExcelAddIn2", "ExcelAddIn2\ExcelAddIn2.csproj", "{1E88FD49-2C67-429A-95B8-910766880014}"
EndProject
Global
	GlobalSection(SolutionConfigurationPlatforms) = preSolution
		Debug|Any CPU = Debug|Any CPU
		Release|Any CPU = Release|Any CPU
	EndGlobalSection
	GlobalSection(ProjectConfigurationPlatforms) = postSolution
		{1E88FD49-2C67-429A-95B8-910766880014}.Debug|Any CPU.ActiveCfg = Debug|Any CPU
		{1E88FD49-2C67-429A-95B8-910766880014}.Debug|Any CPU.Build.0 = Debug|Any CPU
		{1E88FD49-2C67-429A-95B8-910766880014}.Release|Any CPU.ActiveCfg = Release|Any CPU
		{1E88FD49-2C67-429A-95B8-910766880014}.Release|Any CPU.Build.0 = Release|Any CPU
	EndGlobalSection
	GlobalSection(SolutionProperties) = preSolution
		HideSolutionNode = FALSE
	EndGlobalSection
	GlobalSection(ExtensibilityGlobals) = postSolution
		SolutionGuid = {8891700E-04E0-4BDF-8ED9-4B433A5C4A9E}
	EndGlobalSection
EndGlobal
